// !$*UTF8*$!
{
	archiveVersion = 1;
	classes = {
	};
	objectVersion = 46;
	objects = {

/* Begin PBXBuildFile section */
		274A3D881B2280F800D8584E /* AppDelegate.swift in Sources */ = {isa = PBXBuildFile; fileRef = 274A3D871B2280F800D8584E /* AppDelegate.swift */; };
		274A3D8C1B2280F800D8584E /* GameScene.swift in Sources */ = {isa = PBXBuildFile; fileRef = 274A3D8B1B2280F800D8584E /* GameScene.swift */; };
		274A3D8E1B2280F800D8584E /* GameViewController.swift in Sources */ = {isa = PBXBuildFile; fileRef = 274A3D8D1B2280F800D8584E /* GameViewController.swift */; };
		274A3D911B2280F800D8584E /* Main.storyboard in Resources */ = {isa = PBXBuildFile; fileRef = 274A3D8F1B2280F800D8584E /* Main.storyboard */; };
		274A3D931B2280F800D8584E /* Images.xcassets in Resources */ = {isa = PBXBuildFile; fileRef = 274A3D921B2280F800D8584E /* Images.xcassets */; };
		274A3D961B2280F800D8584E /* LaunchScreen.xib in Resources */ = {isa = PBXBuildFile; fileRef = 274A3D941B2280F800D8584E /* LaunchScreen.xib */; };
		274A3DA21B2280F900D8584E /* TetrisTests.swift in Sources */ = {isa = PBXBuildFile; fileRef = 274A3DA11B2280F900D8584E /* TetrisTests.swift */; };
/* End PBXBuildFile section */

/* Begin PBXContainerItemProxy section */
		274A3D9C1B2280F900D8584E /* PBXContainerItemProxy */ = {
			isa = PBXContainerItemProxy;
			containerPortal = 274A3D7A1B2280F800D8584E /* Project object */;
			proxyType = 1;
			remoteGlobalIDString = 274A3D811B2280F800D8584E;
			remoteInfo = Tetris;
		};
/* End PBXContainerItemProxy section */

/* Begin PBXFileReference section */
		274A3D821B2280F800D8584E /* Tetris.app */ = {isa = PBXFileReference; explicitFileType = wrapper.application; includeInIndex = 0; path = Tetris.app; sourceTree = BUILT_PRODUCTS_DIR; };
		274A3D861B2280F800D8584E /* Info.plist */ = {isa = PBXFileReference; lastKnownFileType = text.plist.xml; path = Info.plist; sourceTree = "<group>"; };
		274A3D871B2280F800D8584E /* AppDelegate.swift */ = {isa = PBXFileReference; lastKnownFileType = sourcecode.swift; path = AppDelegate.swift; sourceTree = "<group>"; };
		274A3D8B1B2280F800D8584E /* GameScene.swift */ = {isa = PBXFileReference; lastKnownFileType = sourcecode.swift; path = GameScene.swift; sourceTree = "<group>"; };
		274A3D8D1B2280F800D8584E /* GameViewController.swift */ = {isa = PBXFileReference; lastKnownFileType = sourcecode.swift; path = GameViewController.swift; sourceTree = "<group>"; };
		274A3D901B2280F800D8584E /* Base */ = {isa = PBXFileReference; lastKnownFileType = file.storyboard; name = Base; path = Base.lproj/Main.storyboard; sourceTree = "<group>"; };
		274A3D921B2280F800D8584E /* Images.xcassets */ = {isa = PBXFileReference; lastKnownFileType = folder.assetcatalog; path = Images.xcassets; sourceTree = "<group>"; };
		274A3D951B2280F800D8584E /* Base */ = {isa = PBXFileReference; lastKnownFileType = file.xib; name = Base; path = Base.lproj/LaunchScreen.xib; sourceTree = "<group>"; };
		274A3D9B1B2280F900D8584E /* TetrisTests.xctest */ = {isa = PBXFileReference; explicitFileType = wrapper.cfbundle; includeInIndex = 0; path = TetrisTests.xctest; sourceTree = BUILT_PRODUCTS_DIR; };
		274A3DA01B2280F900D8584E /* Info.plist */ = {isa = PBXFileReference; lastKnownFileType = text.plist.xml; path = Info.plist; sourceTree = "<group>"; };
		274A3DA11B2280F900D8584E /* TetrisTests.swift */ = {isa = PBXFileReference; lastKnownFileType = sourcecode.swift; path = TetrisTests.swift; sourceTree = "<group>"; };
/* End PBXFileReference section */

/* Begin PBXFrameworksBuildPhase section */
		274A3D7F1B2280F800D8584E /* Frameworks */ = {
			isa = PBXFrameworksBuildPhase;
			buildActionMask = 2147483647;
			files = (
			);
			runOnlyForDeploymentPostprocessing = 0;
		};
		274A3D981B2280F900D8584E /* Frameworks */ = {
			isa = PBXFrameworksBuildPhase;
			buildActionMask = 2147483647;
			files = (
			);
			runOnlyForDeploymentPostprocessing = 0;
		};
/* End PBXFrameworksBuildPhase section */

/* Begin PBXGroup section */
		274A3D791B2280F800D8584E = {
			isa = PBXGroup;
			children = (
				274A3D841B2280F800D8584E /* Tetris */,
				274A3D9E1B2280F900D8584E /* TetrisTests */,
				274A3D831B2280F800D8584E /* Products */,
			);
			sourceTree = "<group>";
		};
		274A3D831B2280F800D8584E /* Products */ = {
			isa = PBXGroup;
			children = (
				274A3D821B2280F800D8584E /* Tetris.app */,
				274A3D9B1B2280F900D8584E /* TetrisTests.xctest */,
			);
			name = Products;
			sourceTree = "<group>";
		};
		274A3D841B2280F800D8584E /* Tetris */ = {
			isa = PBXGroup;
			children = (
				274A3D871B2280F800D8584E /* AppDelegate.swift */,
				274A3D8B1B2280F800D8584E /* GameScene.swift */,
				274A3D8D1B2280F800D8584E /* GameViewController.swift */,
				274A3D8F1B2280F800D8584E /* Main.storyboard */,
				274A3D921B2280F800D8584E /* Images.xcassets */,
				274A3D941B2280F800D8584E /* LaunchScreen.xib */,
				274A3D851B2280F800D8584E /* Supporting Files */,
			);
			path = Tetris;
			sourceTree = "<group>";
		};
		274A3D851B2280F800D8584E /* Supporting Files */ = {
			isa = PBXGroup;
			children = (
				274A3D861B2280F800D8584E /* Info.plist */,
			);
			name = "Supporting Files";
			sourceTree = "<group>";
		};
		274A3D9E1B2280F900D8584E /* TetrisTests */ = {
			isa = PBXGroup;
			children = (
				274A3DA11B2280F900D8584E /* TetrisTests.swift */,
				274A3D9F1B2280F900D8584E /* Supporting Files */,
			);
			path = TetrisTests;
			sourceTree = "<group>";
		};
		274A3D9F1B2280F900D8584E /* Supporting Files */ = {
			isa = PBXGroup;
			children = (
				274A3DA01B2280F900D8584E /* Info.plist */,
			);
			name = "Supporting Files";
			sourceTree = "<group>";
		};
/* End PBXGroup section */

/* Begin PBXNativeTarget section */
		274A3D811B2280F800D8584E /* Tetris */ = {
			isa = PBXNativeTarget;
			buildConfigurationList = 274A3DA51B2280F900D8584E /* Build configuration list for PBXNativeTarget "Tetris" */;
			buildPhases = (
				274A3D7E1B2280F800D8584E /* Sources */,
				274A3D7F1B2280F800D8584E /* Frameworks */,
				274A3D801B2280F800D8584E /* Resources */,
			);
			buildRules = (
			);
			dependencies = (
			);
			name = Tetris;
			productName = Tetris;
			productReference = 274A3D821B2280F800D8584E /* Tetris.app */;
			productType = "com.apple.product-type.application";
		};
		274A3D9A1B2280F900D8584E /* TetrisTests */ = {
			isa = PBXNativeTarget;
			buildConfigurationList = 274A3DA81B2280F900D8584E /* Build configuration list for PBXNativeTarget "TetrisTests" */;
			buildPhases = (
				274A3D971B2280F900D8584E /* Sources */,
				274A3D981B2280F900D8584E /* Frameworks */,
				274A3D991B2280F900D8584E /* Resources */,
			);
			buildRules = (
			);
			dependencies = (
				274A3D9D1B2280F900D8584E /* PBXTargetDependency */,
			);
			name = TetrisTests;
			productName = TetrisTests;
			productReference = 274A3D9B1B2280F900D8584E /* TetrisTests.xctest */;
			productType = "com.apple.product-type.bundle.unit-test";
		};
/* End PBXNativeTarget section */

/* Begin PBXProject section */
		274A3D7A1B2280F800D8584E /* Project object */ = {
			isa = PBXProject;
			attributes = {
				LastUpgradeCheck = 0630;
				ORGANIZATIONNAME = "Chris Archibald";
				TargetAttributes = {
					274A3D811B2280F800D8584E = {
						CreatedOnToolsVersion = 6.3.2;
					};
					274A3D9A1B2280F900D8584E = {
						CreatedOnToolsVersion = 6.3.2;
						TestTargetID = 274A3D811B2280F800D8584E;
					};
				};
			};
			buildConfigurationList = 274A3D7D1B2280F800D8584E /* Build configuration list for PBXProject "Tetris" */;
			compatibilityVersion = "Xcode 3.2";
			developmentRegion = English;
			hasScannedForEncodings = 0;
			knownRegions = (
				en,
				Base,
			);
			mainGroup = 274A3D791B2280F800D8584E;
			productRefGroup = 274A3D831B2280F800D8584E /* Products */;
			projectDirPath = "";
			projectRoot = "";
			targets = (
				274A3D811B2280F800D8584E /* Tetris */,
				274A3D9A1B2280F900D8584E /* TetrisTests */,
			);
		};
/* End PBXProject section */

/* Begin PBXResourcesBuildPhase section */
		274A3D801B2280F800D8584E /* Resources */ = {
			isa = PBXResourcesBuildPhase;
			buildActionMask = 2147483647;
			files = (
				274A3D961B2280F800D8584E /* LaunchScreen.xib in Resources */,
				274A3D931B2280F800D8584E /* Images.xcassets in Resources */,
				274A3D911B2280F800D8584E /* Main.storyboard in Resources */,
			);
			runOnlyForDeploymentPostprocessing = 0;
		};
		274A3D991B2280F900D8584E /* Resources */ = {
			isa = PBXResourcesBuildPhase;
			buildActionMask = 2147483647;
			files = (
			);
			runOnlyForDeploymentPostprocessing = 0;
		};
/* End PBXResourcesBuildPhase section */

/* Begin PBXSourcesBuildPhase section */
		274A3D7E1B2280F800D8584E /* Sources */ = {
			isa = PBXSourcesBuildPhase;
			buildActionMask = 2147483647;
			files = (
				274A3D8C1B2280F800D8584E /* GameScene.swift in Sources */,
				274A3D8E1B2280F800D8584E /* GameViewController.swift in Sources */,
				274A3D881B2280F800D8584E /* AppDelegate.swift in Sources */,
			);
			runOnlyForDeploymentPostprocessing = 0;
		};
		274A3D971B2280F900D8584E /* Sources */ = {
			isa = PBXSourcesBuildPhase;
			buildActionMask = 2147483647;
			files = (
				274A3DA21B2280F900D8584E /* TetrisTests.swift in Sources */,
			);
			runOnlyForDeploymentPostprocessing = 0;
		};
/* End PBXSourcesBuildPhase section */

/* Begin PBXTargetDependency section */
		274A3D9D1B2280F900D8584E /* PBXTargetDependency */ = {
			isa = PBXTargetDependency;
			target = 274A3D811B2280F800D8584E /* Tetris */;
			targetProxy = 274A3D9C1B2280F900D8584E /* PBXContainerItemProxy */;
		};
/* End PBXTargetDependency section */

/* Begin PBXVariantGroup section */
		274A3D8F1B2280F800D8584E /* Main.storyboard */ = {
			isa = PBXVariantGroup;
			children = (
				274A3D901B2280F800D8584E /* Base */,
			);
			name = Main.storyboard;
			sourceTree = "<group>";
		};
		274A3D941B2280F800D8584E /* LaunchScreen.xib */ = {
			isa = PBXVariantGroup;
			children = (
				274A3D951B2280F800D8584E /* Base */,
			);
			name = LaunchScreen.xib;
			sourceTree = "<group>";
		};
/* End PBXVariantGroup section */

/* Begin XCBuildConfiguration section */
		274A3DA31B2280F900D8584E /* Debug */ = {
			isa = XCBuildConfiguration;
			buildSettings = {
				ALWAYS_SEARCH_USER_PATHS = NO;
				CLANG_CXX_LANGUAGE_STANDARD = "gnu++0x";
				CLANG_CXX_LIBRARY = "libc++";
				CLANG_ENABLE_MODULES = YES;
				CLANG_ENABLE_OBJC_ARC = YES;
				CLANG_WARN_BOOL_CONVERSION = YES;
				CLANG_WARN_CONSTANT_CONVERSION = YES;
				CLANG_WARN_DIRECT_OBJC_ISA_USAGE = YES_ERROR;
				CLANG_WARN_EMPTY_BODY = YES;
				CLANG_WARN_ENUM_CONVERSION = YES;
				CLANG_WARN_INT_CONVERSION = YES;
				CLANG_WARN_OBJC_ROOT_CLASS = YES_ERROR;
				CLANG_WARN_UNREACHABLE_CODE = YES;
				CLANG_WARN__DUPLICATE_METHOD_MATCH = YES;
				"CODE_SIGN_IDENTITY[sdk=iphoneos*]" = "iPhone Developer";
				COPY_PHASE_STRIP = NO;
				DEBUG_INFORMATION_FORMAT = "dwarf-with-dsym";
				ENABLE_STRICT_OBJC_MSGSEND = YES;
				GCC_C_LANGUAGE_STANDARD = gnu99;
				GCC_DYNAMIC_NO_PIC = NO;
				GCC_NO_COMMON_BLOCKS = YES;
				GCC_OPTIMIZATION_LEVEL = 0;
				GCC_PREPROCESSOR_DEFINITIONS = (
					"DEBUG=1",
					"$(inherited)",
				);
				GCC_SYMBOLS_PRIVATE_EXTERN = NO;
				GCC_WARN_64_TO_32_BIT_CONVERSION = YES;
				GCC_WARN_ABOUT_RETURN_TYPE = YES_ERROR;
				GCC_WARN_UNDECLARED_SELECTOR = YES;
				GCC_WARN_UNINITIALIZED_AUTOS = YES_AGGRESSIVE;
				GCC_WARN_UNUSED_FUNCTION = YES;
				GCC_WARN_UNUSED_VARIABLE = YES;
				IPHONEOS_DEPLOYMENT_TARGET = 8.3;
				MTL_ENABLE_DEBUG_INFO = YES;
				ONLY_ACTIVE_ARCH = YES;
				SDKROOT = iphoneos;
				SWIFT_OPTIMIZATION_LEVEL = "-Onone";
				TARGETED_DEVICE_FAMILY = "1,2";
			};
			name = Debug;
		};
		274A3DA41B2280F900D8584E /* Release */ = {
			isa = XCBuildConfiguration;
			buildSettings = {
				ALWAYS_SEARCH_USER_PATHS = NO;
				CLANG_CXX_LANGUAGE_STANDARD = "gnu++0x";
				CLANG_CXX_LIBRARY = "libc++";
				CLANG_ENABLE_MODULES = YES;
				CLANG_ENABLE_OBJC_ARC = YES;
				CLANG_WARN_BOOL_CONVERSION = YES;
				CLANG_WARN_CONSTANT_CONVERSION = YES;
				CLANG_WARN_DIRECT_OBJC_ISA_USAGE = YES_ERROR;
				CLANG_WARN_EMPTY_BODY = YES;
				CLANG_WARN_ENUM_CONVERSION = YES;
				CLANG_WARN_INT_CONVERSION = YES;
				CLANG_WARN_OBJC_ROOT_CLASS = YES_ERROR;
				CLANG_WARN_UNREACHABLE_CODE = YES;
				CLANG_WARN__DUPLICATE_METHOD_MATCH = YES;
				"CODE_SIGN_IDENTITY[sdk=iphoneos*]" = "iPhone Developer";
				COPY_PHASE_STRIP = NO;
				DEBUG_INFORMATION_FORMAT = "dwarf-with-dsym";
				ENABLE_NS_ASSERTIONS = NO;
				ENABLE_STRICT_OBJC_MSGSEND = YES;
				GCC_C_LANGUAGE_STANDARD = gnu99;
				GCC_NO_COMMON_BLOCKS = YES;
				GCC_WARN_64_TO_32_BIT_CONVERSION = YES;
				GCC_WARN_ABOUT_RETURN_TYPE = YES_ERROR;
				GCC_WARN_UNDECLARED_SELECTOR = YES;
				GCC_WARN_UNINITIALIZED_AUTOS = YES_AGGRESSIVE;
				GCC_WARN_UNUSED_FUNCTION = YES;
				GCC_WARN_UNUSED_VARIABLE = YES;
				IPHONEOS_DEPLOYMENT_TARGET = 8.3;
				MTL_ENABLE_DEBUG_INFO = NO;
				SDKROOT = iphoneos;
				TARGETED_DEVICE_FAMILY = "1,2";
				VALIDATE_PRODUCT = YES;
			};
			name = Release;
		};
		274A3DA61B2280F900D8584E /* Debug */ = {
			isa = XCBuildConfiguration;
			buildSettings = {
				ASSETCATALOG_COMPILER_APPICON_NAME = AppIcon;
				INFOPLIST_FILE = Tetris/Info.plist;
				LD_RUNPATH_SEARCH_PATHS = "$(inherited) @executable_path/Frameworks";
				PRODUCT_NAME = "$(TARGET_NAME)";
			};
			name = Debug;
		};
		274A3DA71B2280F900D8584E /* Release */ = {
			isa = XCBuildConfiguration;
			buildSettings = {
				ASSETCATALOG_COMPILER_APPICON_NAME = AppIcon;
				INFOPLIST_FILE = Tetris/Info.plist;
				LD_RUNPATH_SEARCH_PATHS = "$(inherited) @executable_path/Frameworks";
				PRODUCT_NAME = "$(TARGET_NAME)";
			};
			name = Release;
		};
		274A3DA91B2280F900D8584E /* Debug */ = {
			isa = XCBuildConfiguration;
			buildSettings = {
				BUNDLE_LOADER = "$(TEST_HOST)";
				FRAMEWORK_SEARCH_PATHS = (
					"$(SDKROOT)/Developer/Library/Frameworks",
					"$(inherited)",
				);
				GCC_PREPROCESSOR_DEFINITIONS = (
					"DEBUG=1",
					"$(inherited)",
				);
				INFOPLIST_FILE = TetrisTests/Info.plist;
				LD_RUNPATH_SEARCH_PATHS = "$(inherited) @executable_path/Frameworks @loader_path/Frameworks";
				PRODUCT_NAME = "$(TARGET_NAME)";
				TEST_HOST = "$(BUILT_PRODUCTS_DIR)/Tetris.app/Tetris";
			};
			name = Debug;
		};
		274A3DAA1B2280F900D8584E /* Release */ = {
			isa = XCBuildConfiguration;
			buildSettings = {
				BUNDLE_LOADER = "$(TEST_HOST)";
				FRAMEWORK_SEARCH_PATHS = (
					"$(SDKROOT)/Developer/Library/Frameworks",
					"$(inherited)",
				);
				INFOPLIST_FILE = TetrisTests/Info.plist;
				LD_RUNPATH_SEARCH_PATHS = "$(inherited) @executable_path/Frameworks @loader_path/Frameworks";
				PRODUCT_NAME = "$(TARGET_NAME)";
				TEST_HOST = "$(BUILT_PRODUCTS_DIR)/Tetris.app/Tetris";
			};
			name = Release;
		};
/* End XCBuildConfiguration section */

/* Begin XCConfigurationList section */
		274A3D7D1B2280F800D8584E /* Build configuration list for PBXProject "Tetris" */ = {
			isa = XCConfigurationList;
			buildConfigurations = (
				274A3DA31B2280F900D8584E /* Debug */,
				274A3DA41B2280F900D8584E /* Release */,
			);
			defaultConfigurationIsVisible = 0;
			defaultConfigurationName = Release;
		};
		274A3DA51B2280F900D8584E /* Build configuration list for PBXNativeTarget "Tetris" */ = {
			isa = XCConfigurationList;
			buildConfigurations = (
				274A3DA61B2280F900D8584E /* Debug */,
				274A3DA71B2280F900D8584E /* Release */,
			);
			defaultConfigurationIsVisible = 0;
		};
		274A3DA81B2280F900D8584E /* Build configuration list for PBXNativeTarget "TetrisTests" */ = {
			isa = XCConfigurationList;
			buildConfigurations = (
				274A3DA91B2280F900D8584E /* Debug */,
				274A3DAA1B2280F900D8584E /* Release */,
			);
			defaultConfigurationIsVisible = 0;
		};
/* End XCConfigurationList section */
	};
	rootObject = 274A3D7A1B2280F800D8584E /* Project object */;
}
